
Microsoft Visual Studio Solution File, Format Version 12.00
# Visual Studio Version 16
VisualStudioVersion = 16.0.34407.143
MinimumVisualStudioVersion = 10.0.40219.1
Project("{E24C65DC-7377-472B-9ABA-BC803B73C61A}") = "Payroll", "Payroll\", "{6AE16D5F-DC88-4232-A82E-10B065C5999A}"
	ProjectSection(WebsiteProperties) = preProject
		TargetFrameworkMoniker = ".NETFramework,Version%3Dv4.5"
		Debug.AspNetCompiler.VirtualPath = "/Payroll"
		Debug.AspNetCompiler.PhysicalPath = "Payroll\"
		Debug.AspNetCompiler.TargetPath = "PrecompiledWeb\Payroll\"
		Debug.AspNetCompiler.Updateable = "true"
		Debug.AspNetCompiler.ForceOverwrite = "true"
		Debug.AspNetCompiler.FixedNames = "false"
		Debug.AspNetCompiler.Debug = "True"
		Release.AspNetCompiler.VirtualPath = "/Payroll"
		Release.AspNetCompiler.PhysicalPath = "Payroll\"
		Release.AspNetCompiler.TargetPath = "PrecompiledWeb\Payroll\"
		Release.AspNetCompiler.Updateable = "true"
		Release.AspNetCompiler.ForceOverwrite = "true"
		Release.AspNetCompiler.FixedNames = "false"
		Release.AspNetCompiler.Debug = "False"
		VWDPort = "1055"
		SlnRelativePath = "Payroll\"
		DefaultWebSiteLanguage = "Visual C#"
	EndProjectSection
EndProject
Global
	GlobalSection(SolutionConfigurationPlatforms) = preSolution
		Debug|.NET = Debug|.NET
	EndGlobalSection
	GlobalSection(ProjectConfigurationPlatforms) = postSolution
		{6AE16D5F-DC88-4232-A82E-10B065C5999A}.Debug|.NET.ActiveCfg = Debug|Any CPU
		{6AE16D5F-DC88-4232-A82E-10B065C5999A}.Debug|.NET.Build.0 = Debug|Any CPU
	EndGlobalSection
	GlobalSection(SolutionProperties) = preSolution
		HideSolutionNode = FALSE
	EndGlobalSection
	GlobalSection(ExtensibilityGlobals) = postSolution
		SolutionGuid = {8F0AC5E6-B26B-4CF4-8263-C25CC4275167}
	EndGlobalSection
EndGlobal
